
Microsoft Visual Studio Solution File, Format Version 11.00
# Visual Studio 2010
Project("{FAE04EC0-301F-11D3-BF4B-00C04F79EFBC}") = "IRCService.NET", "IRCService.NET\IRCService.NET.csproj", "{5C8244DF-12A2-43BD-AB91-D9F955478140}"
EndProject
Project("{FAE04EC0-301F-11D3-BF4B-00C04F79EFBC}") = "IRCService.NET.Protocols.P10", "IRCService.NET.Protocols.P10\IRCService.NET.Protocols.P10.csproj", "{F2F2AFFD-0A6A-4CA4-8F47-509423E59BDD}"
EndProject
Project("{FAE04EC0-301F-11D3-BF4B-00C04F79EFBC}") = "CSharpExample", "CSharpExample\CSharpExample.csproj", "{72CABF1B-AD71-419D-8844-5F8120C2883D}"
EndProject
Project("{F184B08F-C81C-45F6-A57F-5ABD9991F28F}") = "VBNETExample", "VBNETExample\VBNETExample.vbproj", "{249833D3-F27D-4F4A-9A36-AFEF65295CC0}"
EndProject
Project("{FAE04EC0-301F-11D3-BF4B-00C04F79EFBC}") = "CSharpDebug", "CSharpDebug\CSharpDebug.csproj", "{5A923E72-3E93-4AB5-ADCA-300D0C8BCA46}"
EndProject
Global
	GlobalSection(SolutionConfigurationPlatforms) = preSolution
		Debug|Any CPU = Debug|Any CPU
		Debug|Mixed Platforms = Debug|Mixed Platforms
		Debug|x86 = Debug|x86
		Release|Any CPU = Release|Any CPU
		Release|Mixed Platforms = Release|Mixed Platforms
		Release|x86 = Release|x86
	EndGlobalSection
	GlobalSection(ProjectConfigurationPlatforms) = postSolution
		{5C8244DF-12A2-43BD-AB91-D9F955478140}.Debug|Any CPU.ActiveCfg = Debug|Any CPU
		{5C8244DF-12A2-43BD-AB91-D9F955478140}.Debug|Any CPU.Build.0 = Debug|Any CPU
		{5C8244DF-12A2-43BD-AB91-D9F955478140}.Debug|Mixed Platforms.ActiveCfg = Debug|Any CPU
		{5C8244DF-12A2-43BD-AB91-D9F955478140}.Debug|Mixed Platforms.Build.0 = Debug|Any CPU
		{5C8244DF-12A2-43BD-AB91-D9F955478140}.Debug|x86.ActiveCfg = Debug|Any CPU
		{5C8244DF-12A2-43BD-AB91-D9F955478140}.Release|Any CPU.ActiveCfg = Release|Any CPU
		{5C8244DF-12A2-43BD-AB91-D9F955478140}.Release|Any CPU.Build.0 = Release|Any CPU
		{5C8244DF-12A2-43BD-AB91-D9F955478140}.Release|Mixed Platforms.ActiveCfg = Release|Any CPU
		{5C8244DF-12A2-43BD-AB91-D9F955478140}.Release|Mixed Platforms.Build.0 = Release|Any CPU
		{5C8244DF-12A2-43BD-AB91-D9F955478140}.Release|x86.ActiveCfg = Release|Any CPU
		{F2F2AFFD-0A6A-4CA4-8F47-509423E59BDD}.Debug|Any CPU.ActiveCfg = Debug|Any CPU
		{F2F2AFFD-0A6A-4CA4-8F47-509423E59BDD}.Debug|Any CPU.Build.0 = Debug|Any CPU
		{F2F2AFFD-0A6A-4CA4-8F47-509423E59BDD}.Debug|Mixed Platforms.ActiveCfg = Debug|Any CPU
		{F2F2AFFD-0A6A-4CA4-8F47-509423E59BDD}.Debug|Mixed Platforms.Build.0 = Debug|Any CPU
		{F2F2AFFD-0A6A-4CA4-8F47-509423E59BDD}.Debug|x86.ActiveCfg = Debug|Any CPU
		{F2F2AFFD-0A6A-4CA4-8F47-509423E59BDD}.Release|Any CPU.ActiveCfg = Release|Any CPU
		{F2F2AFFD-0A6A-4CA4-8F47-509423E59BDD}.Release|Any CPU.Build.0 = Release|Any CPU
		{F2F2AFFD-0A6A-4CA4-8F47-509423E59BDD}.Release|Mixed Platforms.ActiveCfg = Release|Any CPU
		{F2F2AFFD-0A6A-4CA4-8F47-509423E59BDD}.Release|Mixed Platforms.Build.0 = Release|Any CPU
		{F2F2AFFD-0A6A-4CA4-8F47-509423E59BDD}.Release|x86.ActiveCfg = Release|Any CPU
		{72CABF1B-AD71-419D-8844-5F8120C2883D}.Debug|Any CPU.ActiveCfg = Debug|x86
		{72CABF1B-AD71-419D-8844-5F8120C2883D}.Debug|Mixed Platforms.ActiveCfg = Debug|x86
		{72CABF1B-AD71-419D-8844-5F8120C2883D}.Debug|Mixed Platforms.Build.0 = Debug|x86
		{72CABF1B-AD71-419D-8844-5F8120C2883D}.Debug|x86.ActiveCfg = Debug|x86
		{72CABF1B-AD71-419D-8844-5F8120C2883D}.Debug|x86.Build.0 = Debug|x86
		{72CABF1B-AD71-419D-8844-5F8120C2883D}.Release|Any CPU.ActiveCfg = Release|x86
		{72CABF1B-AD71-419D-8844-5F8120C2883D}.Release|Mixed Platforms.ActiveCfg = Release|x86
		{72CABF1B-AD71-419D-8844-5F8120C2883D}.Release|Mixed Platforms.Build.0 = Release|x86
		{72CABF1B-AD71-419D-8844-5F8120C2883D}.Release|x86.ActiveCfg = Release|x86
		{72CABF1B-AD71-419D-8844-5F8120C2883D}.Release|x86.Build.0 = Release|x86
		{249833D3-F27D-4F4A-9A36-AFEF65295CC0}.Debug|Any CPU.ActiveCfg = Debug|x86
		{249833D3-F27D-4F4A-9A36-AFEF65295CC0}.Debug|Mixed Platforms.ActiveCfg = Debug|x86
		{249833D3-F27D-4F4A-9A36-AFEF65295CC0}.Debug|Mixed Platforms.Build.0 = Debug|x86
		{249833D3-F27D-4F4A-9A36-AFEF65295CC0}.Debug|x86.ActiveCfg = Debug|x86
		{249833D3-F27D-4F4A-9A36-AFEF65295CC0}.Debug|x86.Build.0 = Debug|x86
		{249833D3-F27D-4F4A-9A36-AFEF65295CC0}.Release|Any CPU.ActiveCfg = Release|x86
		{249833D3-F27D-4F4A-9A36-AFEF65295CC0}.Release|Mixed Platforms.ActiveCfg = Release|x86
		{249833D3-F27D-4F4A-9A36-AFEF65295CC0}.Release|Mixed Platforms.Build.0 = Release|x86
		{249833D3-F27D-4F4A-9A36-AFEF65295CC0}.Release|x86.ActiveCfg = Release|x86
		{249833D3-F27D-4F4A-9A36-AFEF65295CC0}.Release|x86.Build.0 = Release|x86
		{5A923E72-3E93-4AB5-ADCA-300D0C8BCA46}.Debug|Any CPU.ActiveCfg = Debug|x86
		{5A923E72-3E93-4AB5-ADCA-300D0C8BCA46}.Debug|Mixed Platforms.ActiveCfg = Debug|x86
		{5A923E72-3E93-4AB5-ADCA-300D0C8BCA46}.Debug|Mixed Platforms.Build.0 = Debug|x86
		{5A923E72-3E93-4AB5-ADCA-300D0C8BCA46}.Debug|x86.ActiveCfg = Debug|x86
		{5A923E72-3E93-4AB5-ADCA-300D0C8BCA46}.Debug|x86.Build.0 = Debug|x86
		{5A923E72-3E93-4AB5-ADCA-300D0C8BCA46}.Release|Any CPU.ActiveCfg = Release|x86
		{5A923E72-3E93-4AB5-ADCA-300D0C8BCA46}.Release|Mixed Platforms.ActiveCfg = Release|x86
		{5A923E72-3E93-4AB5-ADCA-300D0C8BCA46}.Release|Mixed Platforms.Build.0 = Release|x86
		{5A923E72-3E93-4AB5-ADCA-300D0C8BCA46}.Release|x86.ActiveCfg = Release|x86
		{5A923E72-3E93-4AB5-ADCA-300D0C8BCA46}.Release|x86.Build.0 = Release|x86
	EndGlobalSection
	GlobalSection(SolutionProperties) = preSolution
		HideSolutionNode = FALSE
	EndGlobalSection
EndGlobal
